
Microsoft Visual Studio Solution File, Format Version 12.00
# Visual Studio Version 16
VisualStudioVersion = 16.0.30907.101
MinimumVisualStudioVersion = 10.0.40219.1
Project("{FAE04EC0-301F-11D3-BF4B-00C04F79EFBC}") = "FileExplorerMultiTask", "FileExplorerMultiTask.csproj", "{C0B717DC-60FE-40DE-8EF2-1FFF2F3C2EEC}"
EndProject
Global
	GlobalSection(SolutionConfigurationPlatforms) = preSolution
		Debug|Any CPU = Debug|Any CPU
		Release|Any CPU = Release|Any CPU
	EndGlobalSection
	GlobalSection(ProjectConfigurationPlatforms) = postSolution
		{C0B717DC-60FE-40DE-8EF2-1FFF2F3C2EEC}.Debug|Any CPU.ActiveCfg = Debug|Any CPU
		{C0B717DC-60FE-40DE-8EF2-1FFF2F3C2EEC}.Debug|Any CPU.Build.0 = Debug|Any CPU
		{C0B717DC-60FE-40DE-8EF2-1FFF2F3C2EEC}.Release|Any CPU.ActiveCfg = Release|Any CPU
		{C0B717DC-60FE-40DE-8EF2-1FFF2F3C2EEC}.Release|Any CPU.Build.0 = Release|Any CPU
	EndGlobalSection
	GlobalSection(SolutionProperties) = preSolution
		HideSolutionNode = FALSE
	EndGlobalSection
	GlobalSection(ExtensibilityGlobals) = postSolution
		SolutionGuid = {1244ABF2-B6E4-460A-AF58-6B747930CD8D}
	EndGlobalSection
EndGlobal
